
Microsoft Visual Studio Solution File, Format Version 12.00
# Visual Studio Version 17
VisualStudioVersion = 17.8.34330.188
MinimumVisualStudioVersion = 10.0.40219.1
Project("{FAE04EC0-301F-11D3-BF4B-00C04F79EFBC}") = "BookStoreApi", "BookStoreApi.csproj", "{C585CF7A-0F09-4432-97EC-068BEA3CDCEE}"
EndProject
Global
	GlobalSection(SolutionConfigurationPlatforms) = preSolution
		Debug|Any CPU = Debug|Any CPU
		Release|Any CPU = Release|Any CPU
	EndGlobalSection
	GlobalSection(ProjectConfigurationPlatforms) = postSolution
		{C585CF7A-0F09-4432-97EC-068BEA3CDCEE}.Debug|Any CPU.ActiveCfg = Debug|Any CPU
		{C585CF7A-0F09-4432-97EC-068BEA3CDCEE}.Debug|Any CPU.Build.0 = Debug|Any CPU
		{C585CF7A-0F09-4432-97EC-068BEA3CDCEE}.Release|Any CPU.ActiveCfg = Release|Any CPU
		{C585CF7A-0F09-4432-97EC-068BEA3CDCEE}.Release|Any CPU.Build.0 = Release|Any CPU
	EndGlobalSection
	GlobalSection(SolutionProperties) = preSolution
		HideSolutionNode = FALSE
	EndGlobalSection
	GlobalSection(ExtensibilityGlobals) = postSolution
		SolutionGuid = {9537AFCB-2FC1-4BF7-94DD-371ADE19CC1A}
	EndGlobalSection
EndGlobal
